{
    "_meta": {
        "hash": {
            "sha256": "4c3266a8019245a2031a9bc39122b7b6274f6529f88c807bbb1ae06d92e33620"
        },
        "pipfile-spec": 6,
        "requires": {
            "python_version": "3.7"
        },
        "sources": [
            {
                "name": "pypi",
                "url": "https://pypi.org/simple",
                "verify_ssl": true
            }
        ]
    },
    "default": {
        "bleach": {
            "hashes": [
                "sha256:085f7f33c15bd408dd9b17a4ad77c577db66d76203e5984b1bd59baeee948b2a",
                "sha256:0d03255c47eb9bd2f26aa9bb7f2107732e7e8fe195ca2f64709fcf3b0a4a085c"
            ],
            "markers": "python_version >= '3.7'",
            "version": "==5.0.1"
        },
        "certifi": {
            "hashes": [
                "sha256:36973885b9542e6bd01dea287b2b4b3b21236307c56324fcc3f1160f2d655ed5",
                "sha256:e232343de1ab72c2aa521b625c80f699e356830fd0e2c620b465b304b17b0516"
            ],
            "markers": "python_version >= '3.6'",
            "version": "==2022.9.14"
        },
        "charset-normalizer": {
            "hashes": [
                "sha256:5a3d016c7c547f69d6f81fb0db9449ce888b418b5b9952cc5e6e66843e9dd845",
                "sha256:83e9a75d1911279afd89352c68b45348559d1fc0506b054b346651b5e7fee29f"
            ],
            "markers": "python_version >= '3.6'",
            "version": "==2.1.1"
        },
        "docutils": {
            "hashes": [
                "sha256:33995a6753c30b7f577febfc2c50411fec6aac7f7ffeb7c4cfe5991072dcf9e6",
                "sha256:5e1de4d849fee02c63b040a4a3fd567f4ab104defd8a5511fbbc24a8a017efbc"
            ],
            "markers": "python_version >= '3.7'",
            "version": "==0.19"
        },
        "future": {
            "hashes": [
                "sha256:b1bead90b70cf6ec3f0710ae53a525360fa360d306a86583adc6bf83a4db537d"
            ],
            "markers": "python_version >= '2.6' and python_version not in '3.0, 3.1, 3.2, 3.3'",
            "version": "==0.18.2"
        },
        "idna": {
            "hashes": [
                "sha256:814f528e8dead7d329833b91c5faa87d60bf71824cd12a7530b5526063d02cb4",
                "sha256:90b77e79eaa3eba6de819a0c442c0b4ceefc341a7a2ab77d7562bf49f425c5c2"
            ],
            "markers": "python_version >= '3.5'",
            "version": "==3.4"
        },
        "oauthlib": {
            "hashes": [
                "sha256:1565237372795bf6ee3e5aba5e2a85bd5a65d0e2aa5c628b9a97b7d7a0da3721",
                "sha256:88e912ca1ad915e1dcc1c06fc9259d19de8deacd6fd17cc2df266decc2e49066"
            ],
            "index": "pypi",
            "version": "==3.2.1"
        },
        "pkginfo": {
            "hashes": [
                "sha256:848865108ec99d4901b2f7e84058b6e7660aae8ae10164e015a6dcf5b242a594",
                "sha256:a84da4318dd86f870a9447a8c98340aa06216bfc6f2b7bdc4b8766984ae1867c"
            ],
            "markers": "python_version >= '2.7' and python_version not in '3.0, 3.1, 3.2, 3.3, 3.4, 3.5'",
            "version": "==1.8.3"
        },
        "pygments": {
            "hashes": [
                "sha256:56a8508ae95f98e2b9bdf93a6be5ae3f7d8af858b43e02c5a2ff083726be40c1",
                "sha256:f643f331ab57ba3c9d89212ee4a2dabc6e94f117cf4eefde99a0574720d14c42"
            ],
            "markers": "python_version >= '3.6'",
            "version": "==2.13.0"
        },
        "python-twitter": {
            "hashes": [
                "sha256:45855742f1095aa0c8c57b2983eee3b6b7f527462b50a2fa8437a8b398544d90",
                "sha256:4a420a6cb6ee9d0c8da457c8a8573f709c2ff2e1a7542e2d38807ebbfe8ebd1d"
            ],
            "index": "pypi",
            "version": "==3.5"
        },
        "readme-renderer": {
            "hashes": [
                "sha256:16c914ca7731fd062a316a2a8e5434a175ee34661a608af771a60c881f528a34",
                "sha256:96768c069729f69176f514477e57f2f8cd543fbb2cd7bad372976249fa509a0c"
            ],
            "markers": "python_version >= '3.7'",
            "version": "==37.1"
        },
        "requests": {
            "hashes": [
                "sha256:7c5599b102feddaa661c826c56ab4fee28bfd17f5abca1ebbe3e7f19d7c97983",
                "sha256:8fefa2a1a1365bf5520aac41836fbee479da67864514bdb821f31ce07ce65349"
            ],
            "markers": "python_version >= '3.7' and python_version < '4'",
            "version": "==2.28.1"
        },
        "requests-oauthlib": {
            "hashes": [
                "sha256:2577c501a2fb8d05a304c09d090d6e47c306fef15809d102b327cf8364bddab5",
                "sha256:75beac4a47881eeb94d5ea5d6ad31ef88856affe2332b9aafb52c6452ccf0d7a"
            ],
            "markers": "python_version >= '2.7' and python_version not in '3.0, 3.1, 3.2, 3.3'",
            "version": "==1.3.1"
        },
        "requests-toolbelt": {
            "hashes": [
                "sha256:380606e1d10dc85c3bd47bf5a6095f815ec007be7a8b69c878507068df059e6f",
                "sha256:968089d4584ad4ad7c171454f0a5c6dac23971e9472521ea3b6d49d610aa6fc0"
            ],
            "version": "==0.9.1"
        },
        "setuptools": {
            "hashes": [
                "sha256:2e24e0bec025f035a2e72cdd1961119f557d78ad331bb00ff82efb2ab8da8e82",
                "sha256:7732871f4f7fa58fb6bdcaeadb0161b2bd046c85905dbaa066bdcbcc81953b57"
            ],
            "markers": "python_version >= '3.7'",
            "version": "==65.3.0"
        },
        "six": {
            "hashes": [
                "sha256:1e61c37477a1626458e36f7b1d82aa5c9b094fa4802892072e49de9c60c4c926",
                "sha256:8abb2f1d86890a2dfb989f9a77cfcfd3e47c2a354b01111771326f8aa26e0254"
            ],
            "markers": "python_version >= '2.7' and python_version not in '3.0, 3.1, 3.2, 3.3'",
            "version": "==1.16.0"
        },
        "tqdm": {
            "hashes": [
                "sha256:5f4f682a004951c1b450bc753c710e9280c5746ce6ffedee253ddbcbf54cf1e4",
                "sha256:6fee160d6ffcd1b1c68c65f14c829c22832bc401726335ce92c52d395944a6a1"
            ],
            "markers": "python_version >= '2.7' and python_version not in '3.0, 3.1, 3.2, 3.3'",
            "version": "==4.64.1"
        },
        "twine": {
            "hashes": [
                "sha256:0fb0bfa3df4f62076cab5def36b1a71a2e4acb4d1fa5c97475b048117b1a6446",
                "sha256:d6c29c933ecfc74e9b1d9fa13aa1f87c5d5770e119f5a4ce032092f0ff5b14dc"
            ],
            "index": "pypi",
            "version": "==1.13.0"
        },
        "urllib3": {
            "hashes": [
                "sha256:3fa96cf423e6987997fc326ae8df396db2a8b7c667747d47ddd8ecba91f4a74e",
                "sha256:b930dd878d5a8afb066a637fbb35144fe7901e3b209d1cd4f524bd0e9deee997"
            ],
            "markers": "python_version >= '2.7' and python_version not in '3.0, 3.1, 3.2, 3.3, 3.4, 3.5' and python_version < '4'",
            "version": "==1.26.12"
        },
        "webencodings": {
            "hashes": [
                "sha256:a0af1213f3c2226497a97e2b3aa01a7e4bee4f403f95be16fc9acd2947514a78",
                "sha256:b36a1c245f2d304965eb4e0a82848379241dc04b865afcc4aab16748587e1923"
            ],
            "version": "==0.5.1"
        },
        "wheel": {
            "hashes": [
                "sha256:5e79117472686ac0c4aef5bad5172ea73a1c2d1646b808c35926bd26bdfb0c08",
                "sha256:62fcfa03d45b5b722539ccbc07b190e4bfff4bb9e3a4d470dd9f6a0981002565"
            ],
            "index": "pypi",
            "version": "==0.33.4"
        }
    },
    "develop": {
        "appdirs": {
            "hashes": [
                "sha256:7d5d0167b2b1ba821647616af46a749d1c653740dd0d2415100fe26e27afdf41",
                "sha256:a841dacd6b99318a741b166adb07e19ee71a274450e68237b4650ca1055ab128"
            ],
            "version": "==1.4.4"
        },
        "atomicwrites": {
            "hashes": [
                "sha256:81b2c9071a49367a7f770170e5eec8cb66567cfbbc8c73d20ce5ca4a8d71cf11"
            ],
            "version": "==1.4.1"
        },
        "attrs": {
            "hashes": [
                "sha256:29adc2665447e5191d0e7c568fde78b21f9672d344281d0c6e1ab085429b22b6",
                "sha256:86efa402f67bf2df34f51a335487cf46b1ec130d02b8d39fd248abfd30da551c"
            ],
            "markers": "python_version >= '3.5'",
            "version": "==22.1.0"
        },
        "black": {
            "hashes": [
                "sha256:09a9dcb7c46ed496a9850b76e4e825d6049ecd38b611f1224857a79bd985a8cf",
                "sha256:68950ffd4d9169716bcb8719a56c07a2f4485354fec061cdd5910aa07369731c"
            ],
            "markers": "python_version >= '3.6'",
            "version": "==19.3b0"
        },
        "click": {
            "hashes": [
                "sha256:7682dc8afb30297001674575ea00d1814d808d6a36af415a82bd481d37ba7b8e",
                "sha256:bb4d8133cb15a609f44e8213d9b391b0809795062913b383c62be0ee95b1db48"
            ],
            "markers": "python_version >= '3.7'",
            "version": "==8.1.3"
        },
        "coverage": {
            "hashes": [
                "sha256:01778769097dbd705a24e221f42be885c544bb91251747a8a3efdec6eb4788f2",
                "sha256:08002f9251f51afdcc5e3adf5d5d66bb490ae893d9e21359b085f0e03390a820",
                "sha256:1238b08f3576201ebf41f7c20bf59baa0d05da941b123c6656e42cdb668e9827",
                "sha256:14a32ec68d721c3d714d9b105c7acf8e0f8a4f4734c811eda75ff3718570b5e3",
                "sha256:15e38d853ee224e92ccc9a851457fb1e1f12d7a5df5ae44544ce7863691c7a0d",
                "sha256:354df19fefd03b9a13132fa6643527ef7905712109d9c1c1903f2133d3a4e145",
                "sha256:35ef1f8d8a7a275aa7410d2f2c60fa6443f4a64fae9be671ec0696a68525b875",
                "sha256:4179502f210ebed3ccfe2f78bf8e2d59e50b297b598b100d6c6e3341053066a2",
                "sha256:42c499c14efd858b98c4e03595bf914089b98400d30789511577aa44607a1b74",
                "sha256:4b7101938584d67e6f45f0015b60e24a95bf8dea19836b1709a80342e01b472f",
                "sha256:564cd0f5b5470094df06fab676c6d77547abfdcb09b6c29c8a97c41ad03b103c",
                "sha256:5f444627b3664b80d078c05fe6a850dd711beeb90d26731f11d492dcbadb6973",
                "sha256:6113e4df2fa73b80f77663445be6d567913fb3b82a86ceb64e44ae0e4b695de1",
                "sha256:61b993f3998ee384935ee423c3d40894e93277f12482f6e777642a0141f55782",
                "sha256:66e6df3ac4659a435677d8cd40e8eb1ac7219345d27c41145991ee9bf4b806a0",
                "sha256:67f9346aeebea54e845d29b487eb38ec95f2ecf3558a3cffb26ee3f0dcc3e760",
                "sha256:6913dddee2deff8ab2512639c5168c3e80b3ebb0f818fed22048ee46f735351a",
                "sha256:6a864733b22d3081749450466ac80698fe39c91cb6849b2ef8752fd7482011f3",
                "sha256:7026f5afe0d1a933685d8f2169d7c2d2e624f6255fb584ca99ccca8c0e966fd7",
                "sha256:783bc7c4ee524039ca13b6d9b4186a67f8e63d91342c713e88c1865a38d0892a",
                "sha256:7a98d6bf6d4ca5c07a600c7b4e0c5350cd483c85c736c522b786be90ea5bac4f",
                "sha256:8d032bfc562a52318ae05047a6eb801ff31ccee172dc0d2504614e911d8fa83e",
                "sha256:98c0b9e9b572893cdb0a00e66cf961a238f8d870d4e1dc8e679eb8bdc2eb1b86",
                "sha256:9c7b9b498eb0c0d48b4c2abc0e10c2d78912203f972e0e63e3c9dc21f15abdaa",
                "sha256:9cc4f107009bca5a81caef2fca843dbec4215c05e917a59dec0c8db5cff1d2aa",
                "sha256:9d6e1f3185cbfd3d91ac77ea065d85d5215d3dfa45b191d14ddfcd952fa53796",
                "sha256:a095aa0a996ea08b10580908e88fbaf81ecf798e923bbe64fb98d1807db3d68a",
                "sha256:a3b2752de32c455f2521a51bd3ffb53c5b3ae92736afde67ce83477f5c1dd928",
                "sha256:ab066f5ab67059d1f1000b5e1aa8bbd75b6ed1fc0014559aea41a9eb66fc2ce0",
                "sha256:c1328d0c2f194ffda30a45f11058c02410e679456276bfa0bbe0b0ee87225fac",
                "sha256:c35cca192ba700979d20ac43024a82b9b32a60da2f983bec6c0f5b84aead635c",
                "sha256:cbbb0e4cd8ddcd5ef47641cfac97d8473ab6b132dd9a46bacb18872828031685",
                "sha256:cdbb0d89923c80dbd435b9cf8bba0ff55585a3cdb28cbec65f376c041472c60d",
                "sha256:cf2afe83a53f77aec067033199797832617890e15bed42f4a1a93ea24794ae3e",
                "sha256:d5dd4b8e9cd0deb60e6fcc7b0647cbc1da6c33b9e786f9c79721fd303994832f",
                "sha256:dfa0b97eb904255e2ab24166071b27408f1f69c8fbda58e9c0972804851e0558",
                "sha256:e16c45b726acb780e1e6f88b286d3c10b3914ab03438f32117c4aa52d7f30d58",
                "sha256:e1fabd473566fce2cf18ea41171d92814e4ef1495e04471786cbc943b89a3781",
                "sha256:e3d3c4cc38b2882f9a15bafd30aec079582b819bec1b8afdbde8f7797008108a",
                "sha256:e431e305a1f3126477abe9a184624a85308da8edf8486a863601d58419d26ffa",
                "sha256:e7b4da9bafad21ea45a714d3ea6f3e1679099e420c8741c74905b92ee9bfa7cc",
                "sha256:ee2b2fb6eb4ace35805f434e0f6409444e1466a47f620d1d5763a22600f0f892",
                "sha256:ee6ae6bbcac0786807295e9687169fba80cb0617852b2fa118a99667e8e6815d",
                "sha256:ef6f44409ab02e202b31a05dd6666797f9de2aa2b4b3534e9d450e42dea5e817",
                "sha256:f67cf9f406cf0d2f08a3515ce2db5b82625a7257f88aad87904674def6ddaec1",
                "sha256:f855b39e4f75abd0dfbcf74a82e84ae3fc260d523fcb3532786bcbbcb158322c",
                "sha256:fc600f6ec19b273da1d85817eda339fb46ce9eef3e89f220055d8696e0a06908",
                "sha256:fcbe3d9a53e013f8ab88734d7e517eb2cd06b7e689bedf22c0eb68db5e4a0a19",
                "sha256:fde17bc42e0716c94bf19d92e4c9f5a00c5feb401f5bc01101fdf2a8b7cacf60",
                "sha256:ff934ced84054b9018665ca3967fc48e1ac99e811f6cc99ea65978e1d384454b"
            ],
            "markers": "python_version >= '3.7'",
            "version": "==6.4.4"
        },
        "flake8": {
            "hashes": [
                "sha256:6fbe320aad8d6b95cec8b8e47bc933004678dc63095be98528b7bdd2a9f510db",
                "sha256:7a1cf6b73744f5806ab95e526f6f0d8c01c66d7bbe349562d22dfca20610b248"
            ],
            "markers": "python_full_version >= '3.6.1'",
            "version": "==5.0.4"
        },
        "importlib-metadata": {
            "hashes": [
                "sha256:057e92c15bc8d9e8109738a48db0ccb31b4d9d5cfbee5a8670879a30be66304b",
                "sha256:b7e52a1f8dec14a75ea73e0891f3060099ca1d8e6a462a4dff11c3e119ea1b31"
            ],
            "markers": "python_version >= '3.6'",
            "version": "==4.2.0"
        },
        "mccabe": {
            "hashes": [
                "sha256:348e0240c33b60bbdf4e523192ef919f28cb2c3d7d5c7794f74009290f236325",
                "sha256:6c2d30ab6be0e4a46919781807b4f0d834ebdd6c6e3dca0bda5a15f863427b6e"
            ],
            "markers": "python_version >= '3.6'",
            "version": "==0.7.0"
        },
        "more-itertools": {
            "hashes": [
                "sha256:1bc4f91ee5b1b31ac7ceacc17c09befe6a40a503907baf9c839c229b5095cfd2",
                "sha256:c09443cd3d5438b8dafccd867a6bc1cb0894389e90cb53d227456b0b0bccb750"
            ],
            "markers": "python_version >= '3.5'",
            "version": "==8.14.0"
        },
        "packaging": {
            "hashes": [
                "sha256:dd47c42927d89ab911e606518907cc2d3a1f38bbd026385970643f9c5b8ecfeb",
                "sha256:ef103e05f519cdc783ae24ea4e2e0f508a9c99b2d4969652eed6a2e1ea5bd522"
            ],
            "markers": "python_version >= '3.6'",
            "version": "==21.3"
        },
        "pluggy": {
            "hashes": [
                "sha256:15b2acde666561e1298d71b523007ed7364de07029219b604cf808bfa1c765b0",
                "sha256:966c145cd83c96502c3c3868f50408687b38434af77734af1e9ca461a4081d2d"
            ],
            "markers": "python_version >= '2.7' and python_version not in '3.0, 3.1, 3.2, 3.3'",
            "version": "==0.13.1"
        },
        "py": {
            "hashes": [
                "sha256:51c75c4126074b472f746a24399ad32f6053d1b34b68d2fa41e558e6f4a98719",
                "sha256:607c53218732647dff4acdfcd50cb62615cedf612e72d1724fb1a0cc6405b378"
            ],
            "markers": "python_version >= '2.7' and python_version not in '3.0, 3.1, 3.2, 3.3, 3.4'",
            "version": "==1.11.0"
        },
        "pycodestyle": {
            "hashes": [
                "sha256:2c9607871d58c76354b697b42f5d57e1ada7d261c261efac224b664affdc5785",
                "sha256:d1735fc58b418fd7c5f658d28d943854f8a849b01a5d0a1e6f3f3fdd0166804b"
            ],
            "markers": "python_version >= '3.6'",
            "version": "==2.9.1"
        },
        "pyflakes": {
            "hashes": [
                "sha256:4579f67d887f804e67edb544428f264b7b24f435b263c4614f384135cea553d2",
                "sha256:491feb020dca48ccc562a8c0cbe8df07ee13078df59813b83959cbdada312ea3"
            ],
            "markers": "python_version >= '3.6'",
            "version": "==2.5.0"
        },
        "pyparsing": {
            "hashes": [
                "sha256:2b020ecf7d21b687f219b71ecad3631f644a47f01403fa1d1036b0c6416d70fb",
                "sha256:5026bae9a10eeaefb61dab2f09052b9f4307d44aee4eda64b309723d8d206bbc"
            ],
            "markers": "python_full_version >= '3.6.8'",
            "version": "==3.0.9"
        },
        "pytest": {
            "hashes": [
                "sha256:6ef6d06de77ce2961156013e9dff62f1b2688aa04d0dc244299fe7d67e09370d",
                "sha256:a736fed91c12681a7b34617c8fcefe39ea04599ca72c608751c31d89579a3f77"
            ],
            "index": "pypi",
            "version": "==5.0.1"
        },
        "pytest-black": {
            "hashes": [
                "sha256:75bbeccfe23442a190164c0bf202d7498df25451fa4177b781cee20183e7fc0d"
            ],
            "index": "pypi",
            "version": "==0.3.7"
        },
        "pytest-cov": {
            "hashes": [
                "sha256:2b097cde81a302e1047331b48cadacf23577e431b61e9c6f49a1170bbe3d3da6",
                "sha256:e00ea4fdde970725482f1f35630d12f074e121a23801aabf2ae154ec6bdd343a"
            ],
            "index": "pypi",
            "version": "==2.7.1"
        },
        "pytest-flake8": {
            "hashes": [
                "sha256:4d225c13e787471502ff94409dcf6f7927049b2ec251c63b764a4b17447b60c0",
                "sha256:d7e2b6b274a255b7ae35e9224c85294b471a83b76ecb6bd53c337ae977a499af"
            ],
            "index": "pypi",
            "version": "==1.0.4"
        },
        "toml": {
            "hashes": [
                "sha256:806143ae5bfb6a3c6e736a764057db0e6a0e05e338b5630894a5f779cabb4f9b",
                "sha256:b3bda1d108d5dd99f4a20d24d9c348e91c4db7ab1b749200bded2f839ccbe68f"
            ],
            "markers": "python_version >= '2.6' and python_version not in '3.0, 3.1, 3.2, 3.3'",
            "version": "==0.10.2"
        },
        "typing-extensions": {
            "hashes": [
                "sha256:25642c956049920a5aa49edcdd6ab1e06d7e5d467fc00e0506c44ac86fbfca02",
                "sha256:e6d2677a32f47fc7eb2795db1dd15c1f34eff616bcaf2cfb5e997f854fa1c4a6"
            ],
            "markers": "python_version < '3.8'",
            "version": "==4.3.0"
        },
        "wcwidth": {
            "hashes": [
                "sha256:beb4802a9cebb9144e99086eff703a642a13d6a0052920003a230f3294bbe784",
                "sha256:c4d647b99872929fdb7bdcaa4fbe7f01413ed3d98077df798530e5b04f116c83"
            ],
            "version": "==0.2.5"
        },
        "zipp": {
            "hashes": [
                "sha256:05b45f1ee8f807d0cc928485ca40a07cb491cf092ff587c0df9cb1fd154848d2",
                "sha256:47c40d7fe183a6f21403a199b3e4192cca5774656965b0a4988ad2f8feb5f009"
            ],
            "markers": "python_version >= '3.7'",
            "version": "==3.8.1"
        }
    }
}
